
Microsoft Visual Studio Solution File, Format Version 12.00
# Visual Studio Version 16
VisualStudioVersion = 16.0.31424.327
MinimumVisualStudioVersion = 10.0.40219.1
Project("{9A19103F-16F7-4668-BE54-9A1E7A4F7556}") = "DeviceNetworkDemoCSharp", "DeviceNetworkDemoCSharp.csproj", "{C5FF4649-8354-44C2-B460-13A16D490D68}"
EndProject
Global
	GlobalSection(SolutionConfigurationPlatforms) = preSolution
		Debug|Any CPU = Debug|Any CPU
		Debug|ARM32 = Debug|ARM32
		Debug|ARM64 = Debug|ARM64
		Debug|x64 = Debug|x64
		Debug|x86 = Debug|x86
		Release|Any CPU = Release|Any CPU
		Release|ARM32 = Release|ARM32
		Release|ARM64 = Release|ARM64
		Release|x64 = Release|x64
		Release|x86 = Release|x86
	EndGlobalSection
	GlobalSection(ProjectConfigurationPlatforms) = postSolution
		{C5FF4649-8354-44C2-B460-13A16D490D68}.Debug|Any CPU.ActiveCfg = Debug|x86
		{C5FF4649-8354-44C2-B460-13A16D490D68}.Debug|ARM32.ActiveCfg = Debug|ARM32
		{C5FF4649-8354-44C2-B460-13A16D490D68}.Debug|ARM32.Build.0 = Debug|ARM32
		{C5FF4649-8354-44C2-B460-13A16D490D68}.Debug|ARM64.ActiveCfg = Release|ARM64
		{C5FF4649-8354-44C2-B460-13A16D490D68}.Debug|ARM64.Build.0 = Release|ARM64
		{C5FF4649-8354-44C2-B460-13A16D490D68}.Debug|x64.ActiveCfg = Debug|x64
		{C5FF4649-8354-44C2-B460-13A16D490D68}.Debug|x64.Build.0 = Debug|x64
		{C5FF4649-8354-44C2-B460-13A16D490D68}.Debug|x86.ActiveCfg = Debug|x86
		{C5FF4649-8354-44C2-B460-13A16D490D68}.Debug|x86.Build.0 = Debug|x86
		{C5FF4649-8354-44C2-B460-13A16D490D68}.Release|Any CPU.ActiveCfg = Release|x86
		{C5FF4649-8354-44C2-B460-13A16D490D68}.Release|ARM32.ActiveCfg = Release|ARM32
		{C5FF4649-8354-44C2-B460-13A16D490D68}.Release|ARM32.Build.0 = Release|ARM32
		{C5FF4649-8354-44C2-B460-13A16D490D68}.Release|ARM64.ActiveCfg = Release|ARM64
		{C5FF4649-8354-44C2-B460-13A16D490D68}.Release|ARM64.Build.0 = Release|ARM64
		{C5FF4649-8354-44C2-B460-13A16D490D68}.Release|x64.ActiveCfg = Release|x64
		{C5FF4649-8354-44C2-B460-13A16D490D68}.Release|x64.Build.0 = Release|x64
		{C5FF4649-8354-44C2-B460-13A16D490D68}.Release|x86.ActiveCfg = Release|x86
		{C5FF4649-8354-44C2-B460-13A16D490D68}.Release|x86.Build.0 = Release|x86
	EndGlobalSection
	GlobalSection(SolutionProperties) = preSolution
		HideSolutionNode = FALSE
	EndGlobalSection
	GlobalSection(ExtensibilityGlobals) = postSolution
		SolutionGuid = {9572F0CA-7F53-4624-97C0-87BA8F68D8AD}
	EndGlobalSection
EndGlobal
